// !$*UTF8*$!
{
	archiveVersion = 1;
	classes = {
	};
	objectVersion = 50;
	objects = {

/* Begin PBXBuildFile section */
		57515FE020B26AF5004FCDAC /* AppDelegate.swift in Sources */ = {isa = PBXBuildFile; fileRef = 57515FDF20B26AF5004FCDAC /* AppDelegate.swift */; };
		57515FE220B26AF5004FCDAC /* ViewController.swift in Sources */ = {isa = PBXBuildFile; fileRef = 57515FE120B26AF5004FCDAC /* ViewController.swift */; };
		57515FE520B26AF5004FCDAC /* Main.storyboard in Resources */ = {isa = PBXBuildFile; fileRef = 57515FE320B26AF5004FCDAC /* Main.storyboard */; };
		57515FE720B26AF7004FCDAC /* Assets.xcassets in Resources */ = {isa = PBXBuildFile; fileRef = 57515FE620B26AF7004FCDAC /* Assets.xcassets */; };
		57515FEA20B26AF7004FCDAC /* LaunchScreen.storyboard in Resources */ = {isa = PBXBuildFile; fileRef = 57515FE820B26AF7004FCDAC /* LaunchScreen.storyboard */; };
/* End PBXBuildFile section */

/* Begin PBXFileReference section */
		57515FDC20B26AF5004FCDAC /* Create View Equal Code.app */ = {isa = PBXFileReference; explicitFileType = wrapper.application; includeInIndex = 0; path = "Create View Equal Code.app"; sourceTree = BUILT_PRODUCTS_DIR; };
		57515FDF20B26AF5004FCDAC /* AppDelegate.swift */ = {isa = PBXFileReference; lastKnownFileType = sourcecode.swift; path = AppDelegate.swift; sourceTree = "<group>"; };
		57515FE120B26AF5004FCDAC /* ViewController.swift */ = {isa = PBXFileReference; lastKnownFileType = sourcecode.swift; path = ViewController.swift; sourceTree = "<group>"; };
		57515FE420B26AF5004FCDAC /* Base */ = {isa = PBXFileReference; lastKnownFileType = file.storyboard; name = Base; path = Base.lproj/Main.storyboard; sourceTree = "<group>"; };
		57515FE620B26AF7004FCDAC /* Assets.xcassets */ = {isa = PBXFileReference; lastKnownFileType = folder.assetcatalog; path = Assets.xcassets; sourceTree = "<group>"; };
		57515FE920B26AF7004FCDAC /* Base */ = {isa = PBXFileReference; lastKnownFileType = file.storyboard; name = Base; path = Base.lproj/LaunchScreen.storyboard; sourceTree = "<group>"; };
		57515FEB20B26AF7004FCDAC /* Info.plist */ = {isa = PBXFileReference; lastKnownFileType = text.plist.xml; path = Info.plist; sourceTree = "<group>"; };
/* End PBXFileReference section */

/* Begin PBXFrameworksBuildPhase section */
		57515FD920B26AF5004FCDAC /* Frameworks */ = {
			isa = PBXFrameworksBuildPhase;
			buildActionMask = 2147483647;
			files = (
			);
			runOnlyForDeploymentPostprocessing = 0;
		};
/* End PBXFrameworksBuildPhase section */

/* Begin PBXGroup section */
		57515FD320B26AF5004FCDAC = {
			isa = PBXGroup;
			children = (
				57515FDE20B26AF5004FCDAC /* Create View Equal Code */,
				57515FDD20B26AF5004FCDAC /* Products */,
			);
			sourceTree = "<group>";
		};
		57515FDD20B26AF5004FCDAC /* Products */ = {
			isa = PBXGroup;
			children = (
				57515FDC20B26AF5004FCDAC /* Create View Equal Code.app */,
			);
			name = Products;
			sourceTree = "<group>";
		};
		57515FDE20B26AF5004FCDAC /* Create View Equal Code */ = {
			isa = PBXGroup;
			children = (
				57515FDF20B26AF5004FCDAC /* AppDelegate.swift */,
				57515FE120B26AF5004FCDAC /* ViewController.swift */,
				57515FE320B26AF5004FCDAC /* Main.storyboard */,
				57515FE620B26AF7004FCDAC /* Assets.xcassets */,
				57515FE820B26AF7004FCDAC /* LaunchScreen.storyboard */,
				57515FEB20B26AF7004FCDAC /* Info.plist */,
			);
			path = "Create View Equal Code";
			sourceTree = "<group>";
		};
/* End PBXGroup section */

/* Begin PBXNativeTarget section */
		57515FDB20B26AF5004FCDAC /* Create View Equal Code */ = {
			isa = PBXNativeTarget;
			buildConfigurationList = 57515FEE20B26AF7004FCDAC /* Build configuration list for PBXNativeTarget "Create View Equal Code" */;
			buildPhases = (
				57515FD820B26AF5004FCDAC /* Sources */,
				57515FD920B26AF5004FCDAC /* Frameworks */,
				57515FDA20B26AF5004FCDAC /* Resources */,
			);
			buildRules = (
			);
			dependencies = (
			);
			name = "Create View Equal Code";
			productName = "Create View Equal Code";
			productReference = 57515FDC20B26AF5004FCDAC /* Create View Equal Code.app */;
			productType = "com.apple.product-type.application";
		};
/* End PBXNativeTarget section */

/* Begin PBXProject section */
		57515FD420B26AF5004FCDAC /* Project object */ = {
			isa = PBXProject;
			attributes = {
				LastSwiftUpdateCheck = 0930;
				LastUpgradeCheck = 0930;
				ORGANIZATIONNAME = "nguyễn hữu đạt";
				TargetAttributes = {
					57515FDB20B26AF5004FCDAC = {
						CreatedOnToolsVersion = 9.3;
					};
				};
			};
			buildConfigurationList = 57515FD720B26AF5004FCDAC /* Build configuration list for PBXProject "Create View Equal Code" */;
			compatibilityVersion = "Xcode 9.3";
			developmentRegion = en;
			hasScannedForEncodings = 0;
			knownRegions = (
				en,
				Base,
			);
			mainGroup = 57515FD320B26AF5004FCDAC;
			productRefGroup = 57515FDD20B26AF5004FCDAC /* Products */;
			projectDirPath = "";
			projectRoot = "";
			targets = (
				57515FDB20B26AF5004FCDAC /* Create View Equal Code */,
			);
		};
/* End PBXProject section */

/* Begin PBXResourcesBuildPhase section */
		57515FDA20B26AF5004FCDAC /* Resources */ = {
			isa = PBXResourcesBuildPhase;
			buildActionMask = 2147483647;
			files = (
				57515FEA20B26AF7004FCDAC /* LaunchScreen.storyboard in Resources */,
				57515FE720B26AF7004FCDAC /* Assets.xcassets in Resources */,
				57515FE520B26AF5004FCDAC /* Main.storyboard in Resources */,
			);
			runOnlyForDeploymentPostprocessing = 0;
		};
/* End PBXResourcesBuildPhase section */

/* Begin PBXSourcesBuildPhase section */
		57515FD820B26AF5004FCDAC /* Sources */ = {
			isa = PBXSourcesBuildPhase;
			buildActionMask = 2147483647;
			files = (
				57515FE220B26AF5004FCDAC /* ViewController.swift in Sources */,
				57515FE020B26AF5004FCDAC /* AppDelegate.swift in Sources */,
			);
			runOnlyForDeploymentPostprocessing = 0;
		};
/* End PBXSourcesBuildPhase section */

/* Begin PBXVariantGroup section */
		57515FE320B26AF5004FCDAC /* Main.storyboard */ = {
			isa = PBXVariantGroup;
			children = (
				57515FE420B26AF5004FCDAC /* Base */,
			);
			name = Main.storyboard;
			sourceTree = "<group>";
		};
		57515FE820B26AF7004FCDAC /* LaunchScreen.storyboard */ = {
			isa = PBXVariantGroup;
			children = (
				57515FE920B26AF7004FCDAC /* Base */,
			);
			name = LaunchScreen.storyboard;
			sourceTree = "<group>";
		};
/* End PBXVariantGroup section */

/* Begin XCBuildConfiguration section */
		57515FEC20B26AF7004FCDAC /* Debug */ = {
			isa = XCBuildConfiguration;
			buildSettings = {
				ALWAYS_SEARCH_USER_PATHS = NO;
				CLANG_ANALYZER_NONNULL = YES;
				CLANG_ANALYZER_NUMBER_OBJECT_CONVERSION = YES_AGGRESSIVE;
				CLANG_CXX_LANGUAGE_STANDARD = "gnu++14";
				CLANG_CXX_LIBRARY = "libc++";
				CLANG_ENABLE_MODULES = YES;
				CLANG_ENABLE_OBJC_ARC = YES;
				CLANG_ENABLE_OBJC_WEAK = YES;
				CLANG_WARN_BLOCK_CAPTURE_AUTORELEASING = YES;
				CLANG_WARN_BOOL_CONVERSION = YES;
				CLANG_WARN_COMMA = YES;
				CLANG_WARN_CONSTANT_CONVERSION = YES;
				CLANG_WARN_DEPRECATED_OBJC_IMPLEMENTATIONS = YES;
				CLANG_WARN_DIRECT_OBJC_ISA_USAGE = YES_ERROR;
				CLANG_WARN_DOCUMENTATION_COMMENTS = YES;
				CLANG_WARN_EMPTY_BODY = YES;
				CLANG_WARN_ENUM_CONVERSION = YES;
				CLANG_WARN_INFINITE_RECURSION = YES;
				CLANG_WARN_INT_CONVERSION = YES;
				CLANG_WARN_NON_LITERAL_NULL_CONVERSION = YES;
				CLANG_WARN_OBJC_IMPLICIT_RETAIN_SELF = YES;
				CLANG_WARN_OBJC_LITERAL_CONVERSION = YES;
				CLANG_WARN_OBJC_ROOT_CLASS = YES_ERROR;
				CLANG_WARN_RANGE_LOOP_ANALYSIS = YES;
				CLANG_WARN_STRICT_PROTOTYPES = YES;
				CLANG_WARN_SUSPICIOUS_MOVE = YES;
				CLANG_WARN_UNGUARDED_AVAILABILITY = YES_AGGRESSIVE;
				CLANG_WARN_UNREACHABLE_CODE = YES;
				CLANG_WARN__DUPLICATE_METHOD_MATCH = YES;
				CODE_SIGN_IDENTITY = "iPhone Developer";
				COPY_PHASE_STRIP = NO;
				DEBUG_INFORMATION_FORMAT = dwarf;
				ENABLE_STRICT_OBJC_MSGSEND = YES;
				ENABLE_TESTABILITY = YES;
				GCC_C_LANGUAGE_STANDARD = gnu11;
				GCC_DYNAMIC_NO_PIC = NO;
				GCC_NO_COMMON_BLOCKS = YES;
				GCC_OPTIMIZATION_LEVEL = 0;
				GCC_PREPROCESSOR_DEFINITIONS = (
					"DEBUG=1",
					"$(inherited)",
				);
				GCC_WARN_64_TO_32_BIT_CONVERSION = YES;
				GCC_WARN_ABOUT_RETURN_TYPE = YES_ERROR;
				GCC_WARN_UNDECLARED_SELECTOR = YES;
				GCC_WARN_UNINITIALIZED_AUTOS = YES_AGGRESSIVE;
				GCC_WARN_UNUSED_FUNCTION = YES;
				GCC_WARN_UNUSED_VARIABLE = YES;
				IPHONEOS_DEPLOYMENT_TARGET = 11.3;
				MTL_ENABLE_DEBUG_INFO = YES;
				ONLY_ACTIVE_ARCH = YES;
				SDKROOT = iphoneos;
				SWIFT_ACTIVE_COMPILATION_CONDITIONS = DEBUG;
				SWIFT_OPTIMIZATION_LEVEL = "-Onone";
			};
			name = Debug;
		};
		57515FED20B26AF7004FCDAC /* Release */ = {
			isa = XCBuildConfiguration;
			buildSettings = {
				ALWAYS_SEARCH_USER_PATHS = NO;
				CLANG_ANALYZER_NONNULL = YES;
				CLANG_ANALYZER_NUMBER_OBJECT_CONVERSION = YES_AGGRESSIVE;
				CLANG_CXX_LANGUAGE_STANDARD = "gnu++14";
				CLANG_CXX_LIBRARY = "libc++";
				CLANG_ENABLE_MODULES = YES;
				CLANG_ENABLE_OBJC_ARC = YES;
				CLANG_ENABLE_OBJC_WEAK = YES;
				CLANG_WARN_BLOCK_CAPTURE_AUTORELEASING = YES;
				CLANG_WARN_BOOL_CONVERSION = YES;
				CLANG_WARN_COMMA = YES;
				CLANG_WARN_CONSTANT_CONVERSION = YES;
				CLANG_WARN_DEPRECATED_OBJC_IMPLEMENTATIONS = YES;
				CLANG_WARN_DIRECT_OBJC_ISA_USAGE = YES_ERROR;
				CLANG_WARN_DOCUMENTATION_COMMENTS = YES;
				CLANG_WARN_EMPTY_BODY = YES;
				CLANG_WARN_ENUM_CONVERSION = YES;
				CLANG_WARN_INFINITE_RECURSION = YES;
				CLANG_WARN_INT_CONVERSION = YES;
				CLANG_WARN_NON_LITERAL_NULL_CONVERSION = YES;
				CLANG_WARN_OBJC_IMPLICIT_RETAIN_SELF = YES;
				CLANG_WARN_OBJC_LITERAL_CONVERSION = YES;
				CLANG_WARN_OBJC_ROOT_CLASS = YES_ERROR;
				CLANG_WARN_RANGE_LOOP_ANALYSIS = YES;
				CLANG_WARN_STRICT_PROTOTYPES = YES;
				CLANG_WARN_SUSPICIOUS_MOVE = YES;
				CLANG_WARN_UNGUARDED_AVAILABILITY = YES_AGGRESSIVE;
				CLANG_WARN_UNREACHABLE_CODE = YES;
				CLANG_WARN__DUPLICATE_METHOD_MATCH = YES;
				CODE_SIGN_IDENTITY = "iPhone Developer";
				COPY_PHASE_STRIP = NO;
				DEBUG_INFORMATION_FORMAT = "dwarf-with-dsym";
				ENABLE_NS_ASSERTIONS = NO;
				ENABLE_STRICT_OBJC_MSGSEND = YES;
				GCC_C_LANGUAGE_STANDARD = gnu11;
				GCC_NO_COMMON_BLOCKS = YES;
				GCC_WARN_64_TO_32_BIT_CONVERSION = YES;
				GCC_WARN_ABOUT_RETURN_TYPE = YES_ERROR;
				GCC_WARN_UNDECLARED_SELECTOR = YES;
				GCC_WARN_UNINITIALIZED_AUTOS = YES_AGGRESSIVE;
				GCC_WARN_UNUSED_FUNCTION = YES;
				GCC_WARN_UNUSED_VARIABLE = YES;
				IPHONEOS_DEPLOYMENT_TARGET = 11.3;
				MTL_ENABLE_DEBUG_INFO = NO;
				SDKROOT = iphoneos;
				SWIFT_COMPILATION_MODE = wholemodule;
				SWIFT_OPTIMIZATION_LEVEL = "-O";
				VALIDATE_PRODUCT = YES;
			};
			name = Release;
		};
		57515FEF20B26AF7004FCDAC /* Debug */ = {
			isa = XCBuildConfiguration;
			buildSettings = {
				ASSETCATALOG_COMPILER_APPICON_NAME = AppIcon;
				CODE_SIGN_STYLE = Automatic;
				INFOPLIST_FILE = "Create View Equal Code/Info.plist";
				LD_RUNPATH_SEARCH_PATHS = (
					"$(inherited)",
					"@executable_path/Frameworks",
				);
				PRODUCT_BUNDLE_IDENTIFIER = "com.BigZero.Create-View-Equal-Code";
				PRODUCT_NAME = "$(TARGET_NAME)";
				SWIFT_VERSION = 4.0;
				TARGETED_DEVICE_FAMILY = "1,2";
			};
			name = Debug;
		};
		57515FF020B26AF7004FCDAC /* Release */ = {
			isa = XCBuildConfiguration;
			buildSettings = {
				ASSETCATALOG_COMPILER_APPICON_NAME = AppIcon;
				CODE_SIGN_STYLE = Automatic;
				INFOPLIST_FILE = "Create View Equal Code/Info.plist";
				LD_RUNPATH_SEARCH_PATHS = (
					"$(inherited)",
					"@executable_path/Frameworks",
				);
				PRODUCT_BUNDLE_IDENTIFIER = "com.BigZero.Create-View-Equal-Code";
				PRODUCT_NAME = "$(TARGET_NAME)";
				SWIFT_VERSION = 4.0;
				TARGETED_DEVICE_FAMILY = "1,2";
			};
			name = Release;
		};
/* End XCBuildConfiguration section */

/* Begin XCConfigurationList section */
		57515FD720B26AF5004FCDAC /* Build configuration list for PBXProject "Create View Equal Code" */ = {
			isa = XCConfigurationList;
			buildConfigurations = (
				57515FEC20B26AF7004FCDAC /* Debug */,
				57515FED20B26AF7004FCDAC /* Release */,
			);
			defaultConfigurationIsVisible = 0;
			defaultConfigurationName = Release;
		};
		57515FEE20B26AF7004FCDAC /* Build configuration list for PBXNativeTarget "Create View Equal Code" */ = {
			isa = XCConfigurationList;
			buildConfigurations = (
				57515FEF20B26AF7004FCDAC /* Debug */,
				57515FF020B26AF7004FCDAC /* Release */,
			);
			defaultConfigurationIsVisible = 0;
			defaultConfigurationName = Release;
		};
/* End XCConfigurationList section */
	};
	rootObject = 57515FD420B26AF5004FCDAC /* Project object */;
}
